
Microsoft Visual Studio Solution File, Format Version 12.00
# Visual Studio 15
VisualStudioVersion = 15.0.28307.168
MinimumVisualStudioVersion = 10.0.40219.1
Project("{9A19103F-16F7-4668-BE54-9A1E7A4F7556}") = "PollWebAPI", "PollWebAPI\PollWebAPI.csproj", "{D422DCC2-1CD2-4BBF-9DFC-6AAC9743E960}"
EndProject
Project("{9A19103F-16F7-4668-BE54-9A1E7A4F7556}") = "XUnitPollWebAPI", "XUnitPollWebAPI\XUnitPollWebAPI.csproj", "{74557E88-ABE5-48BD-91F6-9EC169451842}"
EndProject
Global
	GlobalSection(SolutionConfigurationPlatforms) = preSolution
		Debug|Any CPU = Debug|Any CPU
		Release|Any CPU = Release|Any CPU
	EndGlobalSection
	GlobalSection(ProjectConfigurationPlatforms) = postSolution
		{D422DCC2-1CD2-4BBF-9DFC-6AAC9743E960}.Debug|Any CPU.ActiveCfg = Debug|Any CPU
		{D422DCC2-1CD2-4BBF-9DFC-6AAC9743E960}.Debug|Any CPU.Build.0 = Debug|Any CPU
		{D422DCC2-1CD2-4BBF-9DFC-6AAC9743E960}.Release|Any CPU.ActiveCfg = Release|Any CPU
		{D422DCC2-1CD2-4BBF-9DFC-6AAC9743E960}.Release|Any CPU.Build.0 = Release|Any CPU
		{74557E88-ABE5-48BD-91F6-9EC169451842}.Debug|Any CPU.ActiveCfg = Debug|Any CPU
		{74557E88-ABE5-48BD-91F6-9EC169451842}.Debug|Any CPU.Build.0 = Debug|Any CPU
		{74557E88-ABE5-48BD-91F6-9EC169451842}.Release|Any CPU.ActiveCfg = Release|Any CPU
		{74557E88-ABE5-48BD-91F6-9EC169451842}.Release|Any CPU.Build.0 = Release|Any CPU
	EndGlobalSection
	GlobalSection(SolutionProperties) = preSolution
		HideSolutionNode = FALSE
	EndGlobalSection
	GlobalSection(ExtensibilityGlobals) = postSolution
		SolutionGuid = {55124F1A-877E-41BD-BD06-BA112C784ECE}
	EndGlobalSection
EndGlobal
